<?xml version="1.0" encoding="utf-8"?>
<Project ToolsVersion="4.0" xmlns="http://schemas.microsoft.com/developer/msbuild/2003">
  <ItemGroup>
    <Filter Include="Sources">
      <UniqueIdentifier>{4FC737F1-C7A5-4376-A066-2A32D752A2FF}</UniqueIdentifier>
      <Extensions>cpp;c;cc;cxx;def;odl;idl;hpj;bat;asm;asmx</Extensions>
    </Filter>
    <Filter Include="Sources\Physics">
      <UniqueIdentifier>{d19836cc-d8cd-4ac8-871e-9943d8f790c4}</UniqueIdentifier>
    </Filter>
    <Filter Include="Sources\Objects">
      <UniqueIdentifier>{269eeff5-ae0f-4ab3-beaf-bacad0ce08a3}</UniqueIdentifier>
    </Filter>
    <Filter Include="Sources\ConvexShape">
      <UniqueIdentifier>{0a5450c2-2e62-4388-a06f-771c48202f22}</UniqueIdentifier>
    </Filter>
    <Filter Include="Sources\Physics\Basics">
      <UniqueIdentifier>{4611482c-2c44-4575-aec8-c3db0d254651}</UniqueIdentifier>
    </Filter>
    <Filter Include="Sources\IO">
      <UniqueIdentifier>{a22f5339-d1f8-413d-bc76-b09722ddc318}</UniqueIdentifier>
    </Filter>
    <Filter Include="Sources\Physics\Collisions">
      <UniqueIdentifier>{a42c3216-4c9c-4589-aa7b-c97229a5bf79}</UniqueIdentifier>
    </Filter>
    <Filter Include="Sources\GameState">
      <UniqueIdentifier>{e95f10d6-ae50-4580-9f86-f83d5bb9e1dd}</UniqueIdentifier>
    </Filter>
    <Filter Include="Sources\Management">
      <UniqueIdentifier>{8b0f557e-8f37-4fd2-987e-052594985359}</UniqueIdentifier>
    </Filter>
  </ItemGroup>
  <ItemGroup>
    <ClInclude Include="Source\ConvexShape\ConvexShapeMaker.h">
      <Filter>Sources\ConvexShape</Filter>
    </ClInclude>
    <ClInclude Include="Source\Objects\Ball.h">
      <Filter>Sources\Objects</Filter>
    </ClInclude>
    <ClInclude Include="Source\Objects\Polygon.h">
      <Filter>Sources\Objects</Filter>
    </ClInclude>
    <ClInclude Include="Source\Physics\AxialSymmetry.h">
      <Filter>Sources\Physics</Filter>
    </ClInclude>
    <ClInclude Include="Source\Physics\Basics\Velocity.h">
      <Filter>Sources\Physics\Basics</Filter>
    </ClInclude>
    <ClInclude Include="Source\IO\VectorImporter.h">
      <Filter>Sources\IO</Filter>
    </ClInclude>
    <ClInclude Include="Source\Physics\Basics\Timer.h">
      <Filter>Sources\Physics\Basics</Filter>
    </ClInclude>
    <ClInclude Include="Source\Physics\Basics\Line.h">
      <Filter>Sources\Physics\Basics</Filter>
    </ClInclude>
    <ClInclude Include="Source\IO\ConvexShapeImporter.h">
      <Filter>Sources\IO</Filter>
    </ClInclude>
    <ClInclude Include="Source\Physics\Collisions\BallBouncer.h">
      <Filter>Sources\Physics\Collisions</Filter>
    </ClInclude>
    <ClInclude Include="Source\Physics\Collisions\CollisionChecker.h">
      <Filter>Sources\Physics\Collisions</Filter>
    </ClInclude>
    <ClInclude Include="Source\Physics\Basics\LineSegment.h">
      <Filter>Sources\Physics\Basics</Filter>
    </ClInclude>
    <ClInclude Include="Source\Physics\Basics\ClosedInterval.h">
      <Filter>Sources\Physics\Basics</Filter>
    </ClInclude>
    <ClInclude Include="Source\Management\MainWindow.h">
      <Filter>Sources\Management</Filter>
    </ClInclude>
    <ClInclude Include="Source\Management\ObjectManager.h">
      <Filter>Sources\Management</Filter>
    </ClInclude>
  </ItemGroup>
  <ItemGroup>
    <ClCompile Include="Source\BallVsPolygon.cpp">
      <Filter>Sources</Filter>
    </ClCompile>
    <ClCompile Include="Source\ConvexShape\ConvexShapeMaker.cpp">
      <Filter>Sources\ConvexShape</Filter>
    </ClCompile>
    <ClCompile Include="Source\Objects\Ball.cpp">
      <Filter>Sources\Objects</Filter>
    </ClCompile>
    <ClCompile Include="Source\Objects\Polygon.cpp">
      <Filter>Sources\Objects</Filter>
    </ClCompile>
    <ClCompile Include="Source\Physics\AxialSymmetry.cpp">
      <Filter>Sources\Physics</Filter>
    </ClCompile>
    <ClCompile Include="Source\Physics\Basics\Velocity.cpp">
      <Filter>Sources\Physics\Basics</Filter>
    </ClCompile>
    <ClCompile Include="Source\IO\VectorImporter.cpp">
      <Filter>Sources\IO</Filter>
    </ClCompile>
    <ClCompile Include="Source\Physics\Basics\Timer.cpp">
      <Filter>Sources\Physics\Basics</Filter>
    </ClCompile>
    <ClCompile Include="Source\Physics\Basics\Line.cpp">
      <Filter>Sources\Physics\Basics</Filter>
    </ClCompile>
    <ClCompile Include="Source\IO\ConvexShapeImporter.cpp">
      <Filter>Sources\IO</Filter>
    </ClCompile>
    <ClCompile Include="Source\Physics\Collisions\BallBouncer.cpp">
      <Filter>Sources\Physics\Collisions</Filter>
    </ClCompile>
    <ClCompile Include="Source\Physics\Collisions\CollisionChecker.cpp">
      <Filter>Sources\Physics\Collisions</Filter>
    </ClCompile>
    <ClCompile Include="Source\Physics\Basics\LineSegment.cpp">
      <Filter>Sources\Physics\Basics</Filter>
    </ClCompile>
    <ClCompile Include="Source\Physics\Basics\ClosedInterval.cpp">
      <Filter>Sources\Physics\Basics</Filter>
    </ClCompile>
    <ClCompile Include="Source\Management\MainWindow.cpp">
      <Filter>Sources\Management</Filter>
    </ClCompile>
    <ClCompile Include="Source\Management\ObjectManager.cpp">
      <Filter>Sources\Management</Filter>
    </ClCompile>
  </ItemGroup>
  <ItemGroup>
    <None Include="packages.config" />
  </ItemGroup>
  <ItemGroup>
    <Text Include="points.txt" />
  </ItemGroup>
</Project>