<?xml version="1.0" encoding="utf-8"?>
<Project ToolsVersion="4.0" xmlns="http://schemas.microsoft.com/developer/msbuild/2003">
  <ItemGroup>
    <Filter Include="Sources">
      <UniqueIdentifier>{4FC737F1-C7A5-4376-A066-2A32D752A2FF}</UniqueIdentifier>
      <Extensions>cpp;c;cc;cxx;def;odl;idl;hpj;bat;asm;asmx</Extensions>
    </Filter>
    <Filter Include="Sources\Physics">
      <UniqueIdentifier>{d19836cc-d8cd-4ac8-871e-9943d8f790c4}</UniqueIdentifier>
    </Filter>
    <Filter Include="Sources\Objects">
      <UniqueIdentifier>{269eeff5-ae0f-4ab3-beaf-bacad0ce08a3}</UniqueIdentifier>
    </Filter>
    <Filter Include="Sources\ConvexShape">
      <UniqueIdentifier>{0a5450c2-2e62-4388-a06f-771c48202f22}</UniqueIdentifier>
    </Filter>
    <Filter Include="Sources\Collisions">
      <UniqueIdentifier>{de7b2175-1c5f-4dff-a465-9a69a0a70ccf}</UniqueIdentifier>
    </Filter>
    <Filter Include="Sources\Serialization">
      <UniqueIdentifier>{a22f5339-d1f8-413d-bc76-b09722ddc318}</UniqueIdentifier>
    </Filter>
    <Filter Include="Sources\Math">
      <UniqueIdentifier>{b2d54137-0533-4f30-8ab1-81a9aa28cf93}</UniqueIdentifier>
    </Filter>
    <Filter Include="Sources\Runtime">
      <UniqueIdentifier>{014f0663-b864-40aa-ac2a-49890870ada2}</UniqueIdentifier>
    </Filter>
  </ItemGroup>
  <ItemGroup>
    <ClInclude Include="Source\ConvexShape\ConvexShapeMaker.h">
      <Filter>Sources\ConvexShape</Filter>
    </ClInclude>
    <ClInclude Include="Source\Objects\Ball.h">
      <Filter>Sources\Objects</Filter>
    </ClInclude>
    <ClInclude Include="Source\Objects\Polygon.h">
      <Filter>Sources\Objects</Filter>
    </ClInclude>
    <ClInclude Include="Source\Serialization\Vector2fSerializer.h">
      <Filter>Sources\Serialization</Filter>
    </ClInclude>
    <ClInclude Include="Source\Physics\RandomVelocityGenerator.h">
      <Filter>Sources\Physics</Filter>
    </ClInclude>
    <ClInclude Include="Source\Collisions\BallBouncer.h">
      <Filter>Sources\Collisions</Filter>
    </ClInclude>
    <ClInclude Include="Source\Math\Constants.h">
      <Filter>Sources\Math</Filter>
    </ClInclude>
    <ClInclude Include="Source\Serialization\ConvexShapeSerializer.h">
      <Filter>Sources\Serialization</Filter>
    </ClInclude>
    <ClInclude Include="Source\Runtime\EventListener.h">
      <Filter>Sources\Runtime</Filter>
    </ClInclude>
    <ClInclude Include="Source\Runtime\ObjectManager.h">
      <Filter>Sources\Runtime</Filter>
    </ClInclude>
    <ClInclude Include="Source\Math\LineSegment.h">
      <Filter>Sources\Math</Filter>
    </ClInclude>
    <ClInclude Include="Source\Math\Line.h">
      <Filter>Sources\Math</Filter>
    </ClInclude>
    <ClInclude Include="Source\Math\AxialSymmetry.h">
      <Filter>Sources\Math</Filter>
    </ClInclude>
    <ClInclude Include="Source\Physics\Velocity.h">
      <Filter>Sources\Physics</Filter>
    </ClInclude>
    <ClInclude Include="Source\Physics\Timer.h">
      <Filter>Sources\Physics</Filter>
    </ClInclude>
    <ClInclude Include="Source\Collisions\CollisionChecker.h">
      <Filter>Sources\Collisions</Filter>
    </ClInclude>
    <ClInclude Include="Source\Objects\DynamicObject.h">
      <Filter>Sources\Objects</Filter>
    </ClInclude>
    <ClInclude Include="Source\Objects\Updateable.h">
      <Filter>Sources\Objects</Filter>
    </ClInclude>
    <ClInclude Include="Source\Runtime\MainWindow.h">
      <Filter>Sources\Runtime</Filter>
    </ClInclude>
  </ItemGroup>
  <ItemGroup>
    <ClCompile Include="Source\ConvexShape\ConvexShapeMaker.cpp">
      <Filter>Sources\ConvexShape</Filter>
    </ClCompile>
    <ClCompile Include="Source\Objects\Ball.cpp">
      <Filter>Sources\Objects</Filter>
    </ClCompile>
    <ClCompile Include="Source\Objects\Polygon.cpp">
      <Filter>Sources\Objects</Filter>
    </ClCompile>
    <ClCompile Include="Source\Serialization\Vector2fSerializer.cpp">
      <Filter>Sources\Serialization</Filter>
    </ClCompile>
    <ClCompile Include="Source\Physics\RandomVelocityGenerator.cpp">
      <Filter>Sources\Physics</Filter>
    </ClCompile>
    <ClCompile Include="Source\Collisions\BallBouncer.cpp">
      <Filter>Sources\Collisions</Filter>
    </ClCompile>
    <ClCompile Include="Source\Serialization\ConvexShapeSerializer.cpp">
      <Filter>Sources\Serialization</Filter>
    </ClCompile>
    <ClCompile Include="Source\Runtime\Application.cpp">
      <Filter>Sources\Runtime</Filter>
    </ClCompile>
    <ClCompile Include="Source\Runtime\EventListener.cpp">
      <Filter>Sources\Runtime</Filter>
    </ClCompile>
    <ClCompile Include="Source\Runtime\ObjectManager.cpp">
      <Filter>Sources\Runtime</Filter>
    </ClCompile>
    <ClCompile Include="Source\Math\Line.cpp">
      <Filter>Sources\Math</Filter>
    </ClCompile>
    <ClCompile Include="Source\Math\LineSegment.cpp">
      <Filter>Sources\Math</Filter>
    </ClCompile>
    <ClCompile Include="Source\Math\AxialSymmetry.cpp">
      <Filter>Sources\Math</Filter>
    </ClCompile>
    <ClCompile Include="Source\Physics\Timer.cpp">
      <Filter>Sources\Physics</Filter>
    </ClCompile>
    <ClCompile Include="Source\Physics\Velocity.cpp">
      <Filter>Sources\Physics</Filter>
    </ClCompile>
    <ClCompile Include="Source\Collisions\CollisionChecker.cpp">
      <Filter>Sources\Collisions</Filter>
    </ClCompile>
    <ClCompile Include="Source\Objects\DynamicObject.cpp">
      <Filter>Sources\Objects</Filter>
    </ClCompile>
    <ClCompile Include="Source\Runtime\MainWindow.cpp">
      <Filter>Sources\Runtime</Filter>
    </ClCompile>
  </ItemGroup>
  <ItemGroup>
    <None Include="packages.config" />
  </ItemGroup>
  <ItemGroup>
    <Text Include="points.txt" />
  </ItemGroup>
</Project>